
Microsoft Visual Studio Solution File, Format Version 12.00
# Visual Studio Version 17
VisualStudioVersion = 17.8.34330.188
MinimumVisualStudioVersion = 10.0.40219.1
Project("{FAE04EC0-301F-11D3-BF4B-00C04F79EFBC}") = "curency", "curency\curency.csproj", "{DBCBC913-3405-49E0-B317-1BEC55AA06A2}"
EndProject
Global
	GlobalSection(SolutionConfigurationPlatforms) = preSolution
		Debug|Any CPU = Debug|Any CPU
		Release|Any CPU = Release|Any CPU
	EndGlobalSection
	GlobalSection(ProjectConfigurationPlatforms) = postSolution
		{DBCBC913-3405-49E0-B317-1BEC55AA06A2}.Debug|Any CPU.ActiveCfg = Debug|Any CPU
		{DBCBC913-3405-49E0-B317-1BEC55AA06A2}.Debug|Any CPU.Build.0 = Debug|Any CPU
		{DBCBC913-3405-49E0-B317-1BEC55AA06A2}.Release|Any CPU.ActiveCfg = Release|Any CPU
		{DBCBC913-3405-49E0-B317-1BEC55AA06A2}.Release|Any CPU.Build.0 = Release|Any CPU
	EndGlobalSection
	GlobalSection(SolutionProperties) = preSolution
		HideSolutionNode = FALSE
	EndGlobalSection
	GlobalSection(ExtensibilityGlobals) = postSolution
		SolutionGuid = {8B913DD4-A403-4E3E-B000-342ACBEFAA00}
	EndGlobalSection
EndGlobal
